
Microsoft Visual Studio Solution File, Format Version 12.00
# Visual Studio Version 18
VisualStudioVersion = 18.1.11312.151 d18.0
MinimumVisualStudioVersion = 10.0.40219.1
Project("{FAE04EC0-301F-11D3-BF4B-00C04F79EFBC}") = "Kill_free_toolbox", "Kill_free_toolbox\Kill_free_toolbox.csproj", "{1FDF05CB-48A1-49EF-8690-30B07C8C5DA5}"
EndProject
Global
	GlobalSection(SolutionConfigurationPlatforms) = preSolution
		Debug|Any CPU = Debug|Any CPU
		Release|Any CPU = Release|Any CPU
	EndGlobalSection
	GlobalSection(ProjectConfigurationPlatforms) = postSolution
		{1FDF05CB-48A1-49EF-8690-30B07C8C5DA5}.Debug|Any CPU.ActiveCfg = Debug|Any CPU
		{1FDF05CB-48A1-49EF-8690-30B07C8C5DA5}.Debug|Any CPU.Build.0 = Debug|Any CPU
		{1FDF05CB-48A1-49EF-8690-30B07C8C5DA5}.Release|Any CPU.ActiveCfg = Release|Any CPU
		{1FDF05CB-48A1-49EF-8690-30B07C8C5DA5}.Release|Any CPU.Build.0 = Release|Any CPU
	EndGlobalSection
	GlobalSection(SolutionProperties) = preSolution
		HideSolutionNode = FALSE
	EndGlobalSection
	GlobalSection(ExtensibilityGlobals) = postSolution
		SolutionGuid = {049F0ABE-7C54-4588-8224-CDB464EC2AFA}
	EndGlobalSection
EndGlobal
